// !$*UTF8*$!
{
	archiveVersion = 1;
	classes = {
	};
	objectVersion = 50;
	objects = {

/* Begin PBXBuildFile section */
		00B1DD0A257494DF00F97986 /* AppDelegate.swift in Sources */ = {isa = PBXBuildFile; fileRef = 00B1DD09257494DF00F97986 /* AppDelegate.swift */; };
		00B1DD0C257494DF00F97986 /* SceneDelegate.swift in Sources */ = {isa = PBXBuildFile; fileRef = 00B1DD0B257494DF00F97986 /* SceneDelegate.swift */; };
		00B1DD0E257494DF00F97986 /* ViewController.swift in Sources */ = {isa = PBXBuildFile; fileRef = 00B1DD0D257494DF00F97986 /* ViewController.swift */; };
		00B1DD11257494DF00F97986 /* Main.storyboard in Resources */ = {isa = PBXBuildFile; fileRef = 00B1DD0F257494DF00F97986 /* Main.storyboard */; };
		00B1DD13257494DF00F97986 /* Assets.xcassets in Resources */ = {isa = PBXBuildFile; fileRef = 00B1DD12257494DF00F97986 /* Assets.xcassets */; };
		00B1DD16257494DF00F97986 /* LaunchScreen.storyboard in Resources */ = {isa = PBXBuildFile; fileRef = 00B1DD14257494DF00F97986 /* LaunchScreen.storyboard */; };
		00B1DD202574956F00F97986 /* Task.swift in Sources */ = {isa = PBXBuildFile; fileRef = 00B1DD1F2574956F00F97986 /* Task.swift */; };
		00B1DD242574958100F97986 /* NetworkingError.swift in Sources */ = {isa = PBXBuildFile; fileRef = 00B1DD232574958100F97986 /* NetworkingError.swift */; };
		00B1DD272574958E00F97986 /* Endpoint.swift in Sources */ = {isa = PBXBuildFile; fileRef = 00B1DD262574958E00F97986 /* Endpoint.swift */; };
		00B1DD2A2574959B00F97986 /* AnyEncodable.swift in Sources */ = {isa = PBXBuildFile; fileRef = 00B1DD292574959B00F97986 /* AnyEncodable.swift */; };
		00B1DD2D257495B000F97986 /* Response.swift in Sources */ = {isa = PBXBuildFile; fileRef = 00B1DD2C257495B000F97986 /* Response.swift */; };
		00B1DD30257495C400F97986 /* ResourceType.swift in Sources */ = {isa = PBXBuildFile; fileRef = 00B1DD2F257495C400F97986 /* ResourceType.swift */; };
		00B1DD33257495D300F97986 /* Networking.swift in Sources */ = {isa = PBXBuildFile; fileRef = 00B1DD32257495D300F97986 /* Networking.swift */; };
		00B1DD36257495E200F97986 /* NetworkingType.swift in Sources */ = {isa = PBXBuildFile; fileRef = 00B1DD35257495E200F97986 /* NetworkingType.swift */; };
		00B1DD39257495EF00F97986 /* URLRequest+Extentions.swift in Sources */ = {isa = PBXBuildFile; fileRef = 00B1DD38257495EF00F97986 /* URLRequest+Extentions.swift */; };
		00B1DD3C257495F900F97986 /* URL+Extentions.swift in Sources */ = {isa = PBXBuildFile; fileRef = 00B1DD3B257495F900F97986 /* URL+Extentions.swift */; };
		00B1DD3F2574960700F97986 /* URLSession+Extentions.swift in Sources */ = {isa = PBXBuildFile; fileRef = 00B1DD3E2574960700F97986 /* URLSession+Extentions.swift */; };
		00B1DD422574962600F97986 /* URLEncoding.swift in Sources */ = {isa = PBXBuildFile; fileRef = 00B1DD412574962600F97986 /* URLEncoding.swift */; };
		00B1DD452574963100F97986 /* ParamDestination.swift in Sources */ = {isa = PBXBuildFile; fileRef = 00B1DD442574963100F97986 /* ParamDestination.swift */; };
/* End PBXBuildFile section */

/* Begin PBXFileReference section */
		00B1DD06257494DF00F97986 /* SampleNetworking.app */ = {isa = PBXFileReference; explicitFileType = wrapper.application; includeInIndex = 0; path = SampleNetworking.app; sourceTree = BUILT_PRODUCTS_DIR; };
		00B1DD09257494DF00F97986 /* AppDelegate.swift */ = {isa = PBXFileReference; lastKnownFileType = sourcecode.swift; path = AppDelegate.swift; sourceTree = "<group>"; };
		00B1DD0B257494DF00F97986 /* SceneDelegate.swift */ = {isa = PBXFileReference; lastKnownFileType = sourcecode.swift; path = SceneDelegate.swift; sourceTree = "<group>"; };
		00B1DD0D257494DF00F97986 /* ViewController.swift */ = {isa = PBXFileReference; lastKnownFileType = sourcecode.swift; path = ViewController.swift; sourceTree = "<group>"; };
		00B1DD10257494DF00F97986 /* Base */ = {isa = PBXFileReference; lastKnownFileType = file.storyboard; name = Base; path = Base.lproj/Main.storyboard; sourceTree = "<group>"; };
		00B1DD12257494DF00F97986 /* Assets.xcassets */ = {isa = PBXFileReference; lastKnownFileType = folder.assetcatalog; path = Assets.xcassets; sourceTree = "<group>"; };
		00B1DD15257494DF00F97986 /* Base */ = {isa = PBXFileReference; lastKnownFileType = file.storyboard; name = Base; path = Base.lproj/LaunchScreen.storyboard; sourceTree = "<group>"; };
		00B1DD17257494DF00F97986 /* Info.plist */ = {isa = PBXFileReference; lastKnownFileType = text.plist.xml; path = Info.plist; sourceTree = "<group>"; };
		00B1DD1F2574956F00F97986 /* Task.swift */ = {isa = PBXFileReference; lastKnownFileType = sourcecode.swift; path = Task.swift; sourceTree = "<group>"; };
		00B1DD232574958100F97986 /* NetworkingError.swift */ = {isa = PBXFileReference; lastKnownFileType = sourcecode.swift; path = NetworkingError.swift; sourceTree = "<group>"; };
		00B1DD262574958E00F97986 /* Endpoint.swift */ = {isa = PBXFileReference; lastKnownFileType = sourcecode.swift; path = Endpoint.swift; sourceTree = "<group>"; };
		00B1DD292574959B00F97986 /* AnyEncodable.swift */ = {isa = PBXFileReference; lastKnownFileType = sourcecode.swift; path = AnyEncodable.swift; sourceTree = "<group>"; };
		00B1DD2C257495B000F97986 /* Response.swift */ = {isa = PBXFileReference; lastKnownFileType = sourcecode.swift; path = Response.swift; sourceTree = "<group>"; };
		00B1DD2F257495C400F97986 /* ResourceType.swift */ = {isa = PBXFileReference; lastKnownFileType = sourcecode.swift; path = ResourceType.swift; sourceTree = "<group>"; };
		00B1DD32257495D300F97986 /* Networking.swift */ = {isa = PBXFileReference; lastKnownFileType = sourcecode.swift; path = Networking.swift; sourceTree = "<group>"; };
		00B1DD35257495E200F97986 /* NetworkingType.swift */ = {isa = PBXFileReference; lastKnownFileType = sourcecode.swift; path = NetworkingType.swift; sourceTree = "<group>"; };
		00B1DD38257495EF00F97986 /* URLRequest+Extentions.swift */ = {isa = PBXFileReference; lastKnownFileType = sourcecode.swift; path = "URLRequest+Extentions.swift"; sourceTree = "<group>"; };
		00B1DD3B257495F900F97986 /* URL+Extentions.swift */ = {isa = PBXFileReference; lastKnownFileType = sourcecode.swift; path = "URL+Extentions.swift"; sourceTree = "<group>"; };
		00B1DD3E2574960700F97986 /* URLSession+Extentions.swift */ = {isa = PBXFileReference; lastKnownFileType = sourcecode.swift; path = "URLSession+Extentions.swift"; sourceTree = "<group>"; };
		00B1DD412574962600F97986 /* URLEncoding.swift */ = {isa = PBXFileReference; lastKnownFileType = sourcecode.swift; path = URLEncoding.swift; sourceTree = "<group>"; };
		00B1DD442574963100F97986 /* ParamDestination.swift */ = {isa = PBXFileReference; lastKnownFileType = sourcecode.swift; path = ParamDestination.swift; sourceTree = "<group>"; };
/* End PBXFileReference section */

/* Begin PBXFrameworksBuildPhase section */
		00B1DD03257494DF00F97986 /* Frameworks */ = {
			isa = PBXFrameworksBuildPhase;
			buildActionMask = 2147483647;
			files = (
			);
			runOnlyForDeploymentPostprocessing = 0;
		};
/* End PBXFrameworksBuildPhase section */

/* Begin PBXGroup section */
		00B1DCFD257494DF00F97986 = {
			isa = PBXGroup;
			children = (
				00B1DD08257494DF00F97986 /* SampleNetworking */,
				00B1DD07257494DF00F97986 /* Products */,
			);
			sourceTree = "<group>";
		};
		00B1DD07257494DF00F97986 /* Products */ = {
			isa = PBXGroup;
			children = (
				00B1DD06257494DF00F97986 /* SampleNetworking.app */,
			);
			name = Products;
			sourceTree = "<group>";
		};
		00B1DD08257494DF00F97986 /* SampleNetworking */ = {
			isa = PBXGroup;
			children = (
				00B1DD1E257494F400F97986 /* Networking */,
				00B1DD09257494DF00F97986 /* AppDelegate.swift */,
				00B1DD0B257494DF00F97986 /* SceneDelegate.swift */,
				00B1DD0D257494DF00F97986 /* ViewController.swift */,
				00B1DD0F257494DF00F97986 /* Main.storyboard */,
				00B1DD12257494DF00F97986 /* Assets.xcassets */,
				00B1DD14257494DF00F97986 /* LaunchScreen.storyboard */,
				00B1DD17257494DF00F97986 /* Info.plist */,
			);
			path = SampleNetworking;
			sourceTree = "<group>";
		};
		00B1DD1E257494F400F97986 /* Networking */ = {
			isa = PBXGroup;
			children = (
				00B1DD1F2574956F00F97986 /* Task.swift */,
				00B1DD232574958100F97986 /* NetworkingError.swift */,
				00B1DD262574958E00F97986 /* Endpoint.swift */,
				00B1DD292574959B00F97986 /* AnyEncodable.swift */,
				00B1DD2C257495B000F97986 /* Response.swift */,
				00B1DD2F257495C400F97986 /* ResourceType.swift */,
				00B1DD32257495D300F97986 /* Networking.swift */,
				00B1DD35257495E200F97986 /* NetworkingType.swift */,
				00B1DD38257495EF00F97986 /* URLRequest+Extentions.swift */,
				00B1DD3B257495F900F97986 /* URL+Extentions.swift */,
				00B1DD3E2574960700F97986 /* URLSession+Extentions.swift */,
				00B1DD412574962600F97986 /* URLEncoding.swift */,
				00B1DD442574963100F97986 /* ParamDestination.swift */,
			);
			path = Networking;
			sourceTree = "<group>";
		};
/* End PBXGroup section */

/* Begin PBXNativeTarget section */
		00B1DD05257494DF00F97986 /* SampleNetworking */ = {
			isa = PBXNativeTarget;
			buildConfigurationList = 00B1DD1A257494DF00F97986 /* Build configuration list for PBXNativeTarget "SampleNetworking" */;
			buildPhases = (
				00B1DD02257494DF00F97986 /* Sources */,
				00B1DD03257494DF00F97986 /* Frameworks */,
				00B1DD04257494DF00F97986 /* Resources */,
			);
			buildRules = (
			);
			dependencies = (
			);
			name = SampleNetworking;
			productName = SampleNetworking;
			productReference = 00B1DD06257494DF00F97986 /* SampleNetworking.app */;
			productType = "com.apple.product-type.application";
		};
/* End PBXNativeTarget section */

/* Begin PBXProject section */
		00B1DCFE257494DF00F97986 /* Project object */ = {
			isa = PBXProject;
			attributes = {
				LastSwiftUpdateCheck = 1210;
				LastUpgradeCheck = 1210;
				TargetAttributes = {
					00B1DD05257494DF00F97986 = {
						CreatedOnToolsVersion = 12.1;
						LastSwiftMigration = 1210;
					};
				};
			};
			buildConfigurationList = 00B1DD01257494DF00F97986 /* Build configuration list for PBXProject "SampleNetworking" */;
			compatibilityVersion = "Xcode 9.3";
			developmentRegion = en;
			hasScannedForEncodings = 0;
			knownRegions = (
				en,
				Base,
			);
			mainGroup = 00B1DCFD257494DF00F97986;
			productRefGroup = 00B1DD07257494DF00F97986 /* Products */;
			projectDirPath = "";
			projectRoot = "";
			targets = (
				00B1DD05257494DF00F97986 /* SampleNetworking */,
			);
		};
/* End PBXProject section */

/* Begin PBXResourcesBuildPhase section */
		00B1DD04257494DF00F97986 /* Resources */ = {
			isa = PBXResourcesBuildPhase;
			buildActionMask = 2147483647;
			files = (
				00B1DD16257494DF00F97986 /* LaunchScreen.storyboard in Resources */,
				00B1DD13257494DF00F97986 /* Assets.xcassets in Resources */,
				00B1DD11257494DF00F97986 /* Main.storyboard in Resources */,
			);
			runOnlyForDeploymentPostprocessing = 0;
		};
/* End PBXResourcesBuildPhase section */

/* Begin PBXSourcesBuildPhase section */
		00B1DD02257494DF00F97986 /* Sources */ = {
			isa = PBXSourcesBuildPhase;
			buildActionMask = 2147483647;
			files = (
				00B1DD2D257495B000F97986 /* Response.swift in Sources */,
				00B1DD3C257495F900F97986 /* URL+Extentions.swift in Sources */,
				00B1DD33257495D300F97986 /* Networking.swift in Sources */,
				00B1DD202574956F00F97986 /* Task.swift in Sources */,
				00B1DD452574963100F97986 /* ParamDestination.swift in Sources */,
				00B1DD30257495C400F97986 /* ResourceType.swift in Sources */,
				00B1DD0E257494DF00F97986 /* ViewController.swift in Sources */,
				00B1DD0A257494DF00F97986 /* AppDelegate.swift in Sources */,
				00B1DD2A2574959B00F97986 /* AnyEncodable.swift in Sources */,
				00B1DD0C257494DF00F97986 /* SceneDelegate.swift in Sources */,
				00B1DD272574958E00F97986 /* Endpoint.swift in Sources */,
				00B1DD36257495E200F97986 /* NetworkingType.swift in Sources */,
				00B1DD422574962600F97986 /* URLEncoding.swift in Sources */,
				00B1DD39257495EF00F97986 /* URLRequest+Extentions.swift in Sources */,
				00B1DD242574958100F97986 /* NetworkingError.swift in Sources */,
				00B1DD3F2574960700F97986 /* URLSession+Extentions.swift in Sources */,
			);
			runOnlyForDeploymentPostprocessing = 0;
		};
/* End PBXSourcesBuildPhase section */

/* Begin PBXVariantGroup section */
		00B1DD0F257494DF00F97986 /* Main.storyboard */ = {
			isa = PBXVariantGroup;
			children = (
				00B1DD10257494DF00F97986 /* Base */,
			);
			name = Main.storyboard;
			sourceTree = "<group>";
		};
		00B1DD14257494DF00F97986 /* LaunchScreen.storyboard */ = {
			isa = PBXVariantGroup;
			children = (
				00B1DD15257494DF00F97986 /* Base */,
			);
			name = LaunchScreen.storyboard;
			sourceTree = "<group>";
		};
/* End PBXVariantGroup section */

/* Begin XCBuildConfiguration section */
		00B1DD18257494DF00F97986 /* Debug */ = {
			isa = XCBuildConfiguration;
			buildSettings = {
				ALWAYS_SEARCH_USER_PATHS = NO;
				CLANG_ANALYZER_NONNULL = YES;
				CLANG_ANALYZER_NUMBER_OBJECT_CONVERSION = YES_AGGRESSIVE;
				CLANG_CXX_LANGUAGE_STANDARD = "gnu++14";
				CLANG_CXX_LIBRARY = "libc++";
				CLANG_ENABLE_MODULES = YES;
				CLANG_ENABLE_OBJC_ARC = YES;
				CLANG_ENABLE_OBJC_WEAK = YES;
				CLANG_WARN_BLOCK_CAPTURE_AUTORELEASING = YES;
				CLANG_WARN_BOOL_CONVERSION = YES;
				CLANG_WARN_COMMA = YES;
				CLANG_WARN_CONSTANT_CONVERSION = YES;
				CLANG_WARN_DEPRECATED_OBJC_IMPLEMENTATIONS = YES;
				CLANG_WARN_DIRECT_OBJC_ISA_USAGE = YES_ERROR;
				CLANG_WARN_DOCUMENTATION_COMMENTS = YES;
				CLANG_WARN_EMPTY_BODY = YES;
				CLANG_WARN_ENUM_CONVERSION = YES;
				CLANG_WARN_INFINITE_RECURSION = YES;
				CLANG_WARN_INT_CONVERSION = YES;
				CLANG_WARN_NON_LITERAL_NULL_CONVERSION = YES;
				CLANG_WARN_OBJC_IMPLICIT_RETAIN_SELF = YES;
				CLANG_WARN_OBJC_LITERAL_CONVERSION = YES;
				CLANG_WARN_OBJC_ROOT_CLASS = YES_ERROR;
				CLANG_WARN_QUOTED_INCLUDE_IN_FRAMEWORK_HEADER = YES;
				CLANG_WARN_RANGE_LOOP_ANALYSIS = YES;
				CLANG_WARN_STRICT_PROTOTYPES = YES;
				CLANG_WARN_SUSPICIOUS_MOVE = YES;
				CLANG_WARN_UNGUARDED_AVAILABILITY = YES_AGGRESSIVE;
				CLANG_WARN_UNREACHABLE_CODE = YES;
				CLANG_WARN__DUPLICATE_METHOD_MATCH = YES;
				COPY_PHASE_STRIP = NO;
				DEBUG_INFORMATION_FORMAT = dwarf;
				ENABLE_STRICT_OBJC_MSGSEND = YES;
				ENABLE_TESTABILITY = YES;
				GCC_C_LANGUAGE_STANDARD = gnu11;
				GCC_DYNAMIC_NO_PIC = NO;
				GCC_NO_COMMON_BLOCKS = YES;
				GCC_OPTIMIZATION_LEVEL = 0;
				GCC_PREPROCESSOR_DEFINITIONS = (
					"DEBUG=1",
					"$(inherited)",
				);
				GCC_WARN_64_TO_32_BIT_CONVERSION = YES;
				GCC_WARN_ABOUT_RETURN_TYPE = YES_ERROR;
				GCC_WARN_UNDECLARED_SELECTOR = YES;
				GCC_WARN_UNINITIALIZED_AUTOS = YES_AGGRESSIVE;
				GCC_WARN_UNUSED_FUNCTION = YES;
				GCC_WARN_UNUSED_VARIABLE = YES;
				IPHONEOS_DEPLOYMENT_TARGET = 14.1;
				MTL_ENABLE_DEBUG_INFO = INCLUDE_SOURCE;
				MTL_FAST_MATH = YES;
				ONLY_ACTIVE_ARCH = YES;
				SDKROOT = iphoneos;
				SWIFT_ACTIVE_COMPILATION_CONDITIONS = DEBUG;
				SWIFT_OPTIMIZATION_LEVEL = "-Onone";
			};
			name = Debug;
		};
		00B1DD19257494DF00F97986 /* Release */ = {
			isa = XCBuildConfiguration;
			buildSettings = {
				ALWAYS_SEARCH_USER_PATHS = NO;
				CLANG_ANALYZER_NONNULL = YES;
				CLANG_ANALYZER_NUMBER_OBJECT_CONVERSION = YES_AGGRESSIVE;
				CLANG_CXX_LANGUAGE_STANDARD = "gnu++14";
				CLANG_CXX_LIBRARY = "libc++";
				CLANG_ENABLE_MODULES = YES;
				CLANG_ENABLE_OBJC_ARC = YES;
				CLANG_ENABLE_OBJC_WEAK = YES;
				CLANG_WARN_BLOCK_CAPTURE_AUTORELEASING = YES;
				CLANG_WARN_BOOL_CONVERSION = YES;
				CLANG_WARN_COMMA = YES;
				CLANG_WARN_CONSTANT_CONVERSION = YES;
				CLANG_WARN_DEPRECATED_OBJC_IMPLEMENTATIONS = YES;
				CLANG_WARN_DIRECT_OBJC_ISA_USAGE = YES_ERROR;
				CLANG_WARN_DOCUMENTATION_COMMENTS = YES;
				CLANG_WARN_EMPTY_BODY = YES;
				CLANG_WARN_ENUM_CONVERSION = YES;
				CLANG_WARN_INFINITE_RECURSION = YES;
				CLANG_WARN_INT_CONVERSION = YES;
				CLANG_WARN_NON_LITERAL_NULL_CONVERSION = YES;
				CLANG_WARN_OBJC_IMPLICIT_RETAIN_SELF = YES;
				CLANG_WARN_OBJC_LITERAL_CONVERSION = YES;
				CLANG_WARN_OBJC_ROOT_CLASS = YES_ERROR;
				CLANG_WARN_QUOTED_INCLUDE_IN_FRAMEWORK_HEADER = YES;
				CLANG_WARN_RANGE_LOOP_ANALYSIS = YES;
				CLANG_WARN_STRICT_PROTOTYPES = YES;
				CLANG_WARN_SUSPICIOUS_MOVE = YES;
				CLANG_WARN_UNGUARDED_AVAILABILITY = YES_AGGRESSIVE;
				CLANG_WARN_UNREACHABLE_CODE = YES;
				CLANG_WARN__DUPLICATE_METHOD_MATCH = YES;
				COPY_PHASE_STRIP = NO;
				DEBUG_INFORMATION_FORMAT = "dwarf-with-dsym";
				ENABLE_NS_ASSERTIONS = NO;
				ENABLE_STRICT_OBJC_MSGSEND = YES;
				GCC_C_LANGUAGE_STANDARD = gnu11;
				GCC_NO_COMMON_BLOCKS = YES;
				GCC_WARN_64_TO_32_BIT_CONVERSION = YES;
				GCC_WARN_ABOUT_RETURN_TYPE = YES_ERROR;
				GCC_WARN_UNDECLARED_SELECTOR = YES;
				GCC_WARN_UNINITIALIZED_AUTOS = YES_AGGRESSIVE;
				GCC_WARN_UNUSED_FUNCTION = YES;
				GCC_WARN_UNUSED_VARIABLE = YES;
				IPHONEOS_DEPLOYMENT_TARGET = 14.1;
				MTL_ENABLE_DEBUG_INFO = NO;
				MTL_FAST_MATH = YES;
				SDKROOT = iphoneos;
				SWIFT_COMPILATION_MODE = wholemodule;
				SWIFT_OPTIMIZATION_LEVEL = "-O";
				VALIDATE_PRODUCT = YES;
			};
			name = Release;
		};
		00B1DD1B257494DF00F97986 /* Debug */ = {
			isa = XCBuildConfiguration;
			buildSettings = {
				ASSETCATALOG_COMPILER_APPICON_NAME = AppIcon;
				ASSETCATALOG_COMPILER_GLOBAL_ACCENT_COLOR_NAME = AccentColor;
				CLANG_ENABLE_MODULES = YES;
				CODE_SIGN_STYLE = Automatic;
				INFOPLIST_FILE = SampleNetworking/Info.plist;
				LD_RUNPATH_SEARCH_PATHS = (
					"$(inherited)",
					"@executable_path/Frameworks",
				);
				PRODUCT_BUNDLE_IDENTIFIER = com.huy.SampleNetworking;
				PRODUCT_NAME = "$(TARGET_NAME)";
				SWIFT_OBJC_BRIDGING_HEADER = "";
				SWIFT_OPTIMIZATION_LEVEL = "-Onone";
				SWIFT_VERSION = 5.0;
				TARGETED_DEVICE_FAMILY = "1,2";
			};
			name = Debug;
		};
		00B1DD1C257494DF00F97986 /* Release */ = {
			isa = XCBuildConfiguration;
			buildSettings = {
				ASSETCATALOG_COMPILER_APPICON_NAME = AppIcon;
				ASSETCATALOG_COMPILER_GLOBAL_ACCENT_COLOR_NAME = AccentColor;
				CLANG_ENABLE_MODULES = YES;
				CODE_SIGN_STYLE = Automatic;
				INFOPLIST_FILE = SampleNetworking/Info.plist;
				LD_RUNPATH_SEARCH_PATHS = (
					"$(inherited)",
					"@executable_path/Frameworks",
				);
				PRODUCT_BUNDLE_IDENTIFIER = com.huy.SampleNetworking;
				PRODUCT_NAME = "$(TARGET_NAME)";
				SWIFT_OBJC_BRIDGING_HEADER = "";
				SWIFT_VERSION = 5.0;
				TARGETED_DEVICE_FAMILY = "1,2";
			};
			name = Release;
		};
/* End XCBuildConfiguration section */

/* Begin XCConfigurationList section */
		00B1DD01257494DF00F97986 /* Build configuration list for PBXProject "SampleNetworking" */ = {
			isa = XCConfigurationList;
			buildConfigurations = (
				00B1DD18257494DF00F97986 /* Debug */,
				00B1DD19257494DF00F97986 /* Release */,
			);
			defaultConfigurationIsVisible = 0;
			defaultConfigurationName = Release;
		};
		00B1DD1A257494DF00F97986 /* Build configuration list for PBXNativeTarget "SampleNetworking" */ = {
			isa = XCConfigurationList;
			buildConfigurations = (
				00B1DD1B257494DF00F97986 /* Debug */,
				00B1DD1C257494DF00F97986 /* Release */,
			);
			defaultConfigurationIsVisible = 0;
			defaultConfigurationName = Release;
		};
/* End XCConfigurationList section */
	};
	rootObject = 00B1DCFE257494DF00F97986 /* Project object */;
}
